{
  "name": "@qa-guru/allure-report-kit-plugin-core",
  "version": "0.1.0",
  "lockfileVersion": 3,
  "requires": true,
  "packages": {
    "": {
      "name": "@qa-guru/allure-report-kit-plugin-core",
      "version": "0.1.0",
      "license": "Apache-2.0",
      "dependencies": {
        "@qa-guru/allure-report-kit": "file:../.."
      },
      "engines": {
        "node": ">=20"
      }
    },
    "../..": {
      "name": "@qa-guru/allure-report-kit",
      "version": "0.1.0",
      "license": "Apache-2.0",
      "devDependencies": {
        "echarts": "^6.1.0",
        "highcharts": "^13.0.0",
        "typescript": "^5.7.0"
      },
      "engines": {
        "node": ">=20"
      },
      "peerDependencies": {
        "@allurereport/charts-api": ">=3.13",
        "echarts": ">=5",
        "highcharts": ">=11"
      },
      "peerDependenciesMeta": {
        "@allurereport/charts-api": {
          "optional": true
        },
        "@amcharts/amcharts5": {
          "optional": true
        },
        "echarts": {
          "optional": true
        },
        "highcharts": {
          "optional": true
        }
      }
    },
    "node_modules/@qa-guru/allure-report-kit": {
      "resolved": "../..",
      "link": true
    }
  }
}
